
Microsoft Visual Studio Solution File, Format Version 12.00
# Visual Studio Version 17
VisualStudioVersion = 17.9.34310.174
MinimumVisualStudioVersion = 10.0.40219.1
Project("{FAE04EC0-301F-11D3-BF4B-00C04F79EFBC}") = "selection-sort", "selection-sort\selection-sort.csproj", "{5BBACA33-002A-412C-9FEE-55FA0860CCFD}"
EndProject
Global
	GlobalSection(SolutionConfigurationPlatforms) = preSolution
		Debug|Any CPU = Debug|Any CPU
		Release|Any CPU = Release|Any CPU
	EndGlobalSection
	GlobalSection(ProjectConfigurationPlatforms) = postSolution
		{5BBACA33-002A-412C-9FEE-55FA0860CCFD}.Debug|Any CPU.ActiveCfg = Debug|Any CPU
		{5BBACA33-002A-412C-9FEE-55FA0860CCFD}.Debug|Any CPU.Build.0 = Debug|Any CPU
		{5BBACA33-002A-412C-9FEE-55FA0860CCFD}.Release|Any CPU.ActiveCfg = Release|Any CPU
		{5BBACA33-002A-412C-9FEE-55FA0860CCFD}.Release|Any CPU.Build.0 = Release|Any CPU
	EndGlobalSection
	GlobalSection(SolutionProperties) = preSolution
		HideSolutionNode = FALSE
	EndGlobalSection
	GlobalSection(ExtensibilityGlobals) = postSolution
		SolutionGuid = {7A2DE159-F500-4DBD-9704-DD387765F499}
	EndGlobalSection
EndGlobal
